
Microsoft Visual Studio Solution File, Format Version 12.00
# Visual Studio Version 16
VisualStudioVersion = 25.0.1705.6
MinimumVisualStudioVersion = 10.0.40219.1
Project("{FAE04EC0-301F-11D3-BF4B-00C04F79EFBC}") = "formation-blazor-server", "formation-blazor-server\formation-blazor-server.csproj", "{5CA1F566-B089-4382-9343-F1952DA18433}"
EndProject
Global
	GlobalSection(SolutionConfigurationPlatforms) = preSolution
		Debug|Any CPU = Debug|Any CPU
		Release|Any CPU = Release|Any CPU
	EndGlobalSection
	GlobalSection(ProjectConfigurationPlatforms) = postSolution
		{5CA1F566-B089-4382-9343-F1952DA18433}.Debug|Any CPU.ActiveCfg = Debug|Any CPU
		{5CA1F566-B089-4382-9343-F1952DA18433}.Debug|Any CPU.Build.0 = Debug|Any CPU
		{5CA1F566-B089-4382-9343-F1952DA18433}.Release|Any CPU.ActiveCfg = Release|Any CPU
		{5CA1F566-B089-4382-9343-F1952DA18433}.Release|Any CPU.Build.0 = Release|Any CPU
	EndGlobalSection
	GlobalSection(SolutionProperties) = preSolution
		HideSolutionNode = FALSE
	EndGlobalSection
	GlobalSection(ExtensibilityGlobals) = postSolution
		SolutionGuid = {A72CBC85-93B6-48A5-8F11-1DB98CDBEDAA}
	EndGlobalSection
EndGlobal
